
Microsoft Visual Studio Solution File, Format Version 12.00
# Visual Studio Version 16
VisualStudioVersion = 16.0.31515.178
MinimumVisualStudioVersion = 10.0.40219.1
Project("{FAE04EC0-301F-11D3-BF4B-00C04F79EFBC}") = "AsyncTasks", "AsyncTasks\AsyncTasks.csproj", "{3D94A31D-AA3B-423F-86F5-980C2BDDF442}"
EndProject
Global
	GlobalSection(SolutionConfigurationPlatforms) = preSolution
		Debug|Any CPU = Debug|Any CPU
		Release|Any CPU = Release|Any CPU
	EndGlobalSection
	GlobalSection(ProjectConfigurationPlatforms) = postSolution
		{3D94A31D-AA3B-423F-86F5-980C2BDDF442}.Debug|Any CPU.ActiveCfg = Debug|Any CPU
		{3D94A31D-AA3B-423F-86F5-980C2BDDF442}.Debug|Any CPU.Build.0 = Debug|Any CPU
		{3D94A31D-AA3B-423F-86F5-980C2BDDF442}.Release|Any CPU.ActiveCfg = Release|Any CPU
		{3D94A31D-AA3B-423F-86F5-980C2BDDF442}.Release|Any CPU.Build.0 = Release|Any CPU
	EndGlobalSection
	GlobalSection(SolutionProperties) = preSolution
		HideSolutionNode = FALSE
	EndGlobalSection
	GlobalSection(ExtensibilityGlobals) = postSolution
		SolutionGuid = {3BF9F972-60DC-48D4-A064-1949C9B09331}
	EndGlobalSection
EndGlobal
